
Microsoft Visual Studio Solution File, Format Version 12.00
# Visual Studio Version 17
VisualStudioVersion = 17.3.32922.545
MinimumVisualStudioVersion = 10.0.40219.1
Project("{FAE04EC0-301F-11D3-BF4B-00C04F79EFBC}") = "Virtual80x86", "Virtual8086\Virtual80x86.csproj", "{1672122B-356C-4300-B53D-A105F127BEB0}"
EndProject
Project("{FAE04EC0-301F-11D3-BF4B-00C04F79EFBC}") = "CreateCMOSImage", "CreateCMOSImage\CreateCMOSImage.csproj", "{5DBCE3DC-388A-4B7D-98E1-BAFAB2B108DF}"
EndProject
Project("{FAE04EC0-301F-11D3-BF4B-00C04F79EFBC}") = "Create XML From OpCode List (CSV)", "Create XML From OpCode List (CSV)\Create XML From OpCode List (CSV).csproj", "{2062E99F-5BCF-4A3C-99D2-44A947BC27FC}"
EndProject
Project("{FAE04EC0-301F-11D3-BF4B-00C04F79EFBC}") = "Virtual8086_Console", "Virtual8086_Console\Virtual8086_Console.csproj", "{01E88126-6895-4AC3-AE8B-6355A82EA438}"
EndProject
Project("{FAE04EC0-301F-11D3-BF4B-00C04F79EFBC}") = "WindowsFormsApplication1", "WindowsFormsApplication1\WindowsFormsApplication1.csproj", "{6E5EA315-68BC-4467-8703-B6C97395A55A}"
	ProjectSection(ProjectDependencies) = postProject
		{FF4ADB46-210E-429E-9176-68613F5CBE90} = {FF4ADB46-210E-429E-9176-68613F5CBE90}
		{26C5F25F-B450-4CAF-AD8B-B8D11AE73457} = {26C5F25F-B450-4CAF-AD8B-B8D11AE73457}
		{8FB03EC5-DD87-44D1-AECD-0D92012D1C0A} = {8FB03EC5-DD87-44D1-AECD-0D92012D1C0A}
	EndProjectSection
EndProject
Project("{F184B08F-C81C-45F6-A57F-5ABD9991F28F}") = "Graphicgrid", "GraphicGrid\Graphicgrid.vbproj", "{8FB03EC5-DD87-44D1-AECD-0D92012D1C0A}"
EndProject
Project("{FAE04EC0-301F-11D3-BF4B-00C04F79EFBC}") = "Be.HexEditor", "Be.HexEditor\Be.HexEditor\Be.HexEditor.csproj", "{FF4ADB46-210E-429E-9176-68613F5CBE90}"
EndProject
Project("{FAE04EC0-301F-11D3-BF4B-00C04F79EFBC}") = "Be.Windows.Forms.HexBox", "Be.HexEditor\Be.Windows.Forms.HexBox\Be.Windows.Forms.HexBox.csproj", "{26C5F25F-B450-4CAF-AD8B-B8D11AE73457}"
EndProject
Project("{FAE04EC0-301F-11D3-BF4B-00C04F79EFBC}") = "Virtual80x86Tests", "Virtual80x86Tests\Virtual80x86Tests.csproj", "{7A38490D-F117-4E3E-ADE4-263228D2EB21}"
EndProject
Global
	GlobalSection(SolutionConfigurationPlatforms) = preSolution
		32-bit|Any CPU = 32-bit|Any CPU
		32-bit|Mixed Platforms = 32-bit|Mixed Platforms
		32-bit|x64 = 32-bit|x64
		32-bit|x86 = 32-bit|x86
		CardGameFramework|Any CPU = CardGameFramework|Any CPU
		CardGameFramework|Mixed Platforms = CardGameFramework|Mixed Platforms
		CardGameFramework|x64 = CardGameFramework|x64
		CardGameFramework|x86 = CardGameFramework|x86
		Debug With Decode Strings|Any CPU = Debug With Decode Strings|Any CPU
		Debug With Decode Strings|Mixed Platforms = Debug With Decode Strings|Mixed Platforms
		Debug With Decode Strings|x64 = Debug With Decode Strings|x64
		Debug With Decode Strings|x86 = Debug With Decode Strings|x86
		Debug Without Decode Strings|Any CPU = Debug Without Decode Strings|Any CPU
		Debug Without Decode Strings|Mixed Platforms = Debug Without Decode Strings|Mixed Platforms
		Debug Without Decode Strings|x64 = Debug Without Decode Strings|x64
		Debug Without Decode Strings|x86 = Debug Without Decode Strings|x86
		Debug Without Tries|Any CPU = Debug Without Tries|Any CPU
		Debug Without Tries|Mixed Platforms = Debug Without Tries|Mixed Platforms
		Debug Without Tries|x64 = Debug Without Tries|x64
		Debug Without Tries|x86 = Debug Without Tries|x86
		Debug|Any CPU = Debug|Any CPU
		Debug|Mixed Platforms = Debug|Mixed Platforms
		Debug|x64 = Debug|x64
		Debug|x86 = Debug|x86
		PerfTest|Any CPU = PerfTest|Any CPU
		PerfTest|Mixed Platforms = PerfTest|Mixed Platforms
		PerfTest|x64 = PerfTest|x64
		PerfTest|x86 = PerfTest|x86
		Release No Tries|Any CPU = Release No Tries|Any CPU
		Release No Tries|Mixed Platforms = Release No Tries|Mixed Platforms
		Release No Tries|x64 = Release No Tries|x64
		Release No Tries|x86 = Release No Tries|x86
		Release with Debugger Features|Any CPU = Release with Debugger Features|Any CPU
		Release with Debugger Features|Mixed Platforms = Release with Debugger Features|Mixed Platforms
		Release with Debugger Features|x64 = Release with Debugger Features|x64
		Release with Debugger Features|x86 = Release with Debugger Features|x86
		Release|Any CPU = Release|Any CPU
		Release|Mixed Platforms = Release|Mixed Platforms
		Release|x64 = Release|x64
		Release|x86 = Release|x86
	EndGlobalSection
	GlobalSection(ProjectConfigurationPlatforms) = postSolution
		{1672122B-356C-4300-B53D-A105F127BEB0}.32-bit|Any CPU.ActiveCfg = Release No Tries|Any CPU
		{1672122B-356C-4300-B53D-A105F127BEB0}.32-bit|Any CPU.Build.0 = Release No Tries|Any CPU
		{1672122B-356C-4300-B53D-A105F127BEB0}.32-bit|Mixed Platforms.ActiveCfg = Release No Tries|Any CPU
		{1672122B-356C-4300-B53D-A105F127BEB0}.32-bit|Mixed Platforms.Build.0 = Release No Tries|Any CPU
		{1672122B-356C-4300-B53D-A105F127BEB0}.32-bit|x64.ActiveCfg = Release with Debugger Features|x64
		{1672122B-356C-4300-B53D-A105F127BEB0}.32-bit|x64.Build.0 = Release with Debugger Features|x64
		{1672122B-356C-4300-B53D-A105F127BEB0}.32-bit|x86.ActiveCfg = Release No Tries|Any CPU
		{1672122B-356C-4300-B53D-A105F127BEB0}.CardGameFramework|Any CPU.ActiveCfg = Release No Tries|Any CPU
		{1672122B-356C-4300-B53D-A105F127BEB0}.CardGameFramework|Any CPU.Build.0 = Release No Tries|Any CPU
		{1672122B-356C-4300-B53D-A105F127BEB0}.CardGameFramework|Mixed Platforms.ActiveCfg = Release No Tries|Any CPU
		{1672122B-356C-4300-B53D-A105F127BEB0}.CardGameFramework|Mixed Platforms.Build.0 = Release No Tries|Any CPU
		{1672122B-356C-4300-B53D-A105F127BEB0}.CardGameFramework|x64.ActiveCfg = Release with Debugger Features|x64
		{1672122B-356C-4300-B53D-A105F127BEB0}.CardGameFramework|x64.Build.0 = Release with Debugger Features|x64
		{1672122B-356C-4300-B53D-A105F127BEB0}.CardGameFramework|x86.ActiveCfg = Release No Tries|Any CPU
		{1672122B-356C-4300-B53D-A105F127BEB0}.Debug With Decode Strings|Any CPU.ActiveCfg = Debug With Decode Strings|Any CPU
		{1672122B-356C-4300-B53D-A105F127BEB0}.Debug With Decode Strings|Any CPU.Build.0 = Debug With Decode Strings|Any CPU
		{1672122B-356C-4300-B53D-A105F127BEB0}.Debug With Decode Strings|Mixed Platforms.ActiveCfg = Debug With Decode Strings|Any CPU
		{1672122B-356C-4300-B53D-A105F127BEB0}.Debug With Decode Strings|Mixed Platforms.Build.0 = Debug With Decode Strings|Any CPU
		{1672122B-356C-4300-B53D-A105F127BEB0}.Debug With Decode Strings|x64.ActiveCfg = Debug With Decode Strings|x64
		{1672122B-356C-4300-B53D-A105F127BEB0}.Debug With Decode Strings|x64.Build.0 = Debug With Decode Strings|x64
		{1672122B-356C-4300-B53D-A105F127BEB0}.Debug With Decode Strings|x86.ActiveCfg = Debug With Decode Strings|Any CPU
		{1672122B-356C-4300-B53D-A105F127BEB0}.Debug Without Decode Strings|Any CPU.ActiveCfg = Debug With Decode Strings|Any CPU
		{1672122B-356C-4300-B53D-A105F127BEB0}.Debug Without Decode Strings|Any CPU.Build.0 = Debug With Decode Strings|Any CPU
		{1672122B-356C-4300-B53D-A105F127BEB0}.Debug Without Decode Strings|Mixed Platforms.ActiveCfg = Debug Without Tries|Any CPU
		{1672122B-356C-4300-B53D-A105F127BEB0}.Debug Without Decode Strings|Mixed Platforms.Build.0 = Debug Without Tries|Any CPU
		{1672122B-356C-4300-B53D-A105F127BEB0}.Debug Without Decode Strings|x64.ActiveCfg = Debug Without Tries|x64
		{1672122B-356C-4300-B53D-A105F127BEB0}.Debug Without Decode Strings|x64.Build.0 = Debug Without Tries|x64
		{1672122B-356C-4300-B53D-A105F127BEB0}.Debug Without Decode Strings|x86.ActiveCfg = Debug Without Tries|Any CPU
		{1672122B-356C-4300-B53D-A105F127BEB0}.Debug Without Tries|Any CPU.ActiveCfg = Debug Without Tries|Any CPU
		{1672122B-356C-4300-B53D-A105F127BEB0}.Debug Without Tries|Any CPU.Build.0 = Debug Without Tries|Any CPU
		{1672122B-356C-4300-B53D-A105F127BEB0}.Debug Without Tries|Mixed Platforms.ActiveCfg = Debug Without Tries|Any CPU
		{1672122B-356C-4300-B53D-A105F127BEB0}.Debug Without Tries|Mixed Platforms.Build.0 = Debug Without Tries|Any CPU
		{1672122B-356C-4300-B53D-A105F127BEB0}.Debug Without Tries|x64.ActiveCfg = Debug Without Tries|x64
		{1672122B-356C-4300-B53D-A105F127BEB0}.Debug Without Tries|x64.Build.0 = Debug Without Tries|x64
		{1672122B-356C-4300-B53D-A105F127BEB0}.Debug Without Tries|x86.ActiveCfg = Debug Without Tries|Any CPU
		{1672122B-356C-4300-B53D-A105F127BEB0}.Debug|Any CPU.ActiveCfg = Debug|Any CPU
		{1672122B-356C-4300-B53D-A105F127BEB0}.Debug|Any CPU.Build.0 = Debug|Any CPU
		{1672122B-356C-4300-B53D-A105F127BEB0}.Debug|Mixed Platforms.ActiveCfg = Debug|Any CPU
		{1672122B-356C-4300-B53D-A105F127BEB0}.Debug|Mixed Platforms.Build.0 = Debug|Any CPU
		{1672122B-356C-4300-B53D-A105F127BEB0}.Debug|x64.ActiveCfg = Debug|x64
		{1672122B-356C-4300-B53D-A105F127BEB0}.Debug|x64.Build.0 = Debug|x64
		{1672122B-356C-4300-B53D-A105F127BEB0}.Debug|x86.ActiveCfg = Debug|Any CPU
		{1672122B-356C-4300-B53D-A105F127BEB0}.Debug|x86.Build.0 = Debug|Any CPU
		{1672122B-356C-4300-B53D-A105F127BEB0}.PerfTest|Any CPU.ActiveCfg = PerfTest|Any CPU
		{1672122B-356C-4300-B53D-A105F127BEB0}.PerfTest|Any CPU.Build.0 = PerfTest|Any CPU
		{1672122B-356C-4300-B53D-A105F127BEB0}.PerfTest|Mixed Platforms.ActiveCfg = PerfTest|Any CPU
		{1672122B-356C-4300-B53D-A105F127BEB0}.PerfTest|Mixed Platforms.Build.0 = PerfTest|Any CPU
		{1672122B-356C-4300-B53D-A105F127BEB0}.PerfTest|x64.ActiveCfg = PerfTest|x64
		{1672122B-356C-4300-B53D-A105F127BEB0}.PerfTest|x64.Build.0 = PerfTest|x64
		{1672122B-356C-4300-B53D-A105F127BEB0}.PerfTest|x86.ActiveCfg = PerfTest|Any CPU
		{1672122B-356C-4300-B53D-A105F127BEB0}.Release No Tries|Any CPU.ActiveCfg = Release No Tries|Any CPU
		{1672122B-356C-4300-B53D-A105F127BEB0}.Release No Tries|Any CPU.Build.0 = Release No Tries|Any CPU
		{1672122B-356C-4300-B53D-A105F127BEB0}.Release No Tries|Mixed Platforms.ActiveCfg = Release No Tries|Any CPU
		{1672122B-356C-4300-B53D-A105F127BEB0}.Release No Tries|Mixed Platforms.Build.0 = Release No Tries|Any CPU
		{1672122B-356C-4300-B53D-A105F127BEB0}.Release No Tries|x64.ActiveCfg = Release No Tries|x64
		{1672122B-356C-4300-B53D-A105F127BEB0}.Release No Tries|x64.Build.0 = Release No Tries|x64
		{1672122B-356C-4300-B53D-A105F127BEB0}.Release No Tries|x86.ActiveCfg = Release No Tries|Any CPU
		{1672122B-356C-4300-B53D-A105F127BEB0}.Release with Debugger Features|Any CPU.ActiveCfg = Release with Debugger Features|Any CPU
		{1672122B-356C-4300-B53D-A105F127BEB0}.Release with Debugger Features|Any CPU.Build.0 = Release with Debugger Features|Any CPU
		{1672122B-356C-4300-B53D-A105F127BEB0}.Release with Debugger Features|Mixed Platforms.ActiveCfg = Release with Debugger Features|x64
		{1672122B-356C-4300-B53D-A105F127BEB0}.Release with Debugger Features|Mixed Platforms.Build.0 = Release with Debugger Features|x64
		{1672122B-356C-4300-B53D-A105F127BEB0}.Release with Debugger Features|x64.ActiveCfg = Release with Debugger Features|x64
		{1672122B-356C-4300-B53D-A105F127BEB0}.Release with Debugger Features|x64.Build.0 = Release with Debugger Features|x64
		{1672122B-356C-4300-B53D-A105F127BEB0}.Release with Debugger Features|x86.ActiveCfg = Release with Debugger Features|x64
		{1672122B-356C-4300-B53D-A105F127BEB0}.Release|Any CPU.ActiveCfg = Release|Any CPU
		{1672122B-356C-4300-B53D-A105F127BEB0}.Release|Any CPU.Build.0 = Release|Any CPU
		{1672122B-356C-4300-B53D-A105F127BEB0}.Release|Mixed Platforms.ActiveCfg = Release|x64
		{1672122B-356C-4300-B53D-A105F127BEB0}.Release|Mixed Platforms.Build.0 = Release|x64
		{1672122B-356C-4300-B53D-A105F127BEB0}.Release|x64.ActiveCfg = Release|x64
		{1672122B-356C-4300-B53D-A105F127BEB0}.Release|x64.Build.0 = Release|x64
		{1672122B-356C-4300-B53D-A105F127BEB0}.Release|x86.ActiveCfg = Release|Any CPU
		{5DBCE3DC-388A-4B7D-98E1-BAFAB2B108DF}.32-bit|Any CPU.ActiveCfg = Release No Tries|Any CPU
		{5DBCE3DC-388A-4B7D-98E1-BAFAB2B108DF}.32-bit|Any CPU.Build.0 = Release No Tries|Any CPU
		{5DBCE3DC-388A-4B7D-98E1-BAFAB2B108DF}.32-bit|Mixed Platforms.ActiveCfg = Release No Tries|Any CPU
		{5DBCE3DC-388A-4B7D-98E1-BAFAB2B108DF}.32-bit|Mixed Platforms.Build.0 = Release No Tries|Any CPU
		{5DBCE3DC-388A-4B7D-98E1-BAFAB2B108DF}.32-bit|x64.ActiveCfg = Release with Debugger Features|x64
		{5DBCE3DC-388A-4B7D-98E1-BAFAB2B108DF}.32-bit|x64.Build.0 = Release with Debugger Features|x64
		{5DBCE3DC-388A-4B7D-98E1-BAFAB2B108DF}.32-bit|x86.ActiveCfg = Release No Tries|Any CPU
		{5DBCE3DC-388A-4B7D-98E1-BAFAB2B108DF}.CardGameFramework|Any CPU.ActiveCfg = Release No Tries|Any CPU
		{5DBCE3DC-388A-4B7D-98E1-BAFAB2B108DF}.CardGameFramework|Any CPU.Build.0 = Release No Tries|Any CPU
		{5DBCE3DC-388A-4B7D-98E1-BAFAB2B108DF}.CardGameFramework|Mixed Platforms.ActiveCfg = Release No Tries|Any CPU
		{5DBCE3DC-388A-4B7D-98E1-BAFAB2B108DF}.CardGameFramework|Mixed Platforms.Build.0 = Release No Tries|Any CPU
		{5DBCE3DC-388A-4B7D-98E1-BAFAB2B108DF}.CardGameFramework|x64.ActiveCfg = Release with Debugger Features|x64
		{5DBCE3DC-388A-4B7D-98E1-BAFAB2B108DF}.CardGameFramework|x64.Build.0 = Release with Debugger Features|x64
		{5DBCE3DC-388A-4B7D-98E1-BAFAB2B108DF}.CardGameFramework|x86.ActiveCfg = Release No Tries|Any CPU
		{5DBCE3DC-388A-4B7D-98E1-BAFAB2B108DF}.Debug With Decode Strings|Any CPU.ActiveCfg = Debug With Decode Strings|Any CPU
		{5DBCE3DC-388A-4B7D-98E1-BAFAB2B108DF}.Debug With Decode Strings|Any CPU.Build.0 = Debug With Decode Strings|Any CPU
		{5DBCE3DC-388A-4B7D-98E1-BAFAB2B108DF}.Debug With Decode Strings|Mixed Platforms.ActiveCfg = Debug With Decode Strings|Any CPU
		{5DBCE3DC-388A-4B7D-98E1-BAFAB2B108DF}.Debug With Decode Strings|Mixed Platforms.Build.0 = Debug With Decode Strings|Any CPU
		{5DBCE3DC-388A-4B7D-98E1-BAFAB2B108DF}.Debug With Decode Strings|x64.ActiveCfg = Debug With Decode Strings|x64
		{5DBCE3DC-388A-4B7D-98E1-BAFAB2B108DF}.Debug With Decode Strings|x64.Build.0 = Debug With Decode Strings|x64
		{5DBCE3DC-388A-4B7D-98E1-BAFAB2B108DF}.Debug With Decode Strings|x86.ActiveCfg = Debug With Decode Strings|Any CPU
		{5DBCE3DC-388A-4B7D-98E1-BAFAB2B108DF}.Debug Without Decode Strings|Any CPU.ActiveCfg = Debug With Decode Strings|Any CPU
		{5DBCE3DC-388A-4B7D-98E1-BAFAB2B108DF}.Debug Without Decode Strings|Mixed Platforms.ActiveCfg = Debug Without Tries|Any CPU
		{5DBCE3DC-388A-4B7D-98E1-BAFAB2B108DF}.Debug Without Decode Strings|Mixed Platforms.Build.0 = Debug Without Tries|Any CPU
		{5DBCE3DC-388A-4B7D-98E1-BAFAB2B108DF}.Debug Without Decode Strings|x64.ActiveCfg = Debug Without Tries|x64
		{5DBCE3DC-388A-4B7D-98E1-BAFAB2B108DF}.Debug Without Decode Strings|x64.Build.0 = Debug Without Tries|x64
		{5DBCE3DC-388A-4B7D-98E1-BAFAB2B108DF}.Debug Without Decode Strings|x86.ActiveCfg = Debug Without Tries|Any CPU
		{5DBCE3DC-388A-4B7D-98E1-BAFAB2B108DF}.Debug Without Tries|Any CPU.ActiveCfg = Debug Without Tries|Any CPU
		{5DBCE3DC-388A-4B7D-98E1-BAFAB2B108DF}.Debug Without Tries|Any CPU.Build.0 = Debug Without Tries|Any CPU
		{5DBCE3DC-388A-4B7D-98E1-BAFAB2B108DF}.Debug Without Tries|Mixed Platforms.ActiveCfg = Debug Without Tries|Any CPU
		{5DBCE3DC-388A-4B7D-98E1-BAFAB2B108DF}.Debug Without Tries|Mixed Platforms.Build.0 = Debug Without Tries|Any CPU
		{5DBCE3DC-388A-4B7D-98E1-BAFAB2B108DF}.Debug Without Tries|x64.ActiveCfg = Debug Without Tries|x64
		{5DBCE3DC-388A-4B7D-98E1-BAFAB2B108DF}.Debug Without Tries|x64.Build.0 = Debug Without Tries|x64
		{5DBCE3DC-388A-4B7D-98E1-BAFAB2B108DF}.Debug Without Tries|x86.ActiveCfg = Debug Without Tries|Any CPU
		{5DBCE3DC-388A-4B7D-98E1-BAFAB2B108DF}.Debug|Any CPU.ActiveCfg = Debug|Any CPU
		{5DBCE3DC-388A-4B7D-98E1-BAFAB2B108DF}.Debug|Any CPU.Build.0 = Debug|Any CPU
		{5DBCE3DC-388A-4B7D-98E1-BAFAB2B108DF}.Debug|Mixed Platforms.ActiveCfg = Debug|Any CPU
		{5DBCE3DC-388A-4B7D-98E1-BAFAB2B108DF}.Debug|Mixed Platforms.Build.0 = Debug|Any CPU
		{5DBCE3DC-388A-4B7D-98E1-BAFAB2B108DF}.Debug|x64.ActiveCfg = Debug|x64
		{5DBCE3DC-388A-4B7D-98E1-BAFAB2B108DF}.Debug|x64.Build.0 = Debug|x64
		{5DBCE3DC-388A-4B7D-98E1-BAFAB2B108DF}.Debug|x86.ActiveCfg = Debug|Any CPU
		{5DBCE3DC-388A-4B7D-98E1-BAFAB2B108DF}.Debug|x86.Build.0 = Debug|Any CPU
		{5DBCE3DC-388A-4B7D-98E1-BAFAB2B108DF}.PerfTest|Any CPU.ActiveCfg = PerfTest|Any CPU
		{5DBCE3DC-388A-4B7D-98E1-BAFAB2B108DF}.PerfTest|Any CPU.Build.0 = PerfTest|Any CPU
		{5DBCE3DC-388A-4B7D-98E1-BAFAB2B108DF}.PerfTest|Mixed Platforms.ActiveCfg = PerfTest|Any CPU
		{5DBCE3DC-388A-4B7D-98E1-BAFAB2B108DF}.PerfTest|Mixed Platforms.Build.0 = PerfTest|Any CPU
		{5DBCE3DC-388A-4B7D-98E1-BAFAB2B108DF}.PerfTest|x64.ActiveCfg = PerfTest|x64
		{5DBCE3DC-388A-4B7D-98E1-BAFAB2B108DF}.PerfTest|x64.Build.0 = PerfTest|x64
		{5DBCE3DC-388A-4B7D-98E1-BAFAB2B108DF}.PerfTest|x86.ActiveCfg = PerfTest|Any CPU
		{5DBCE3DC-388A-4B7D-98E1-BAFAB2B108DF}.Release No Tries|Any CPU.ActiveCfg = Release No Tries|Any CPU
		{5DBCE3DC-388A-4B7D-98E1-BAFAB2B108DF}.Release No Tries|Any CPU.Build.0 = Release No Tries|Any CPU
		{5DBCE3DC-388A-4B7D-98E1-BAFAB2B108DF}.Release No Tries|Mixed Platforms.ActiveCfg = Release No Tries|Any CPU
		{5DBCE3DC-388A-4B7D-98E1-BAFAB2B108DF}.Release No Tries|Mixed Platforms.Build.0 = Release No Tries|Any CPU
		{5DBCE3DC-388A-4B7D-98E1-BAFAB2B108DF}.Release No Tries|x64.ActiveCfg = Release No Tries|x64
		{5DBCE3DC-388A-4B7D-98E1-BAFAB2B108DF}.Release No Tries|x64.Build.0 = Release No Tries|x64
		{5DBCE3DC-388A-4B7D-98E1-BAFAB2B108DF}.Release No Tries|x86.ActiveCfg = Release No Tries|Any CPU
		{5DBCE3DC-388A-4B7D-98E1-BAFAB2B108DF}.Release with Debugger Features|Any CPU.ActiveCfg = Release with Debugger Features|Any CPU
		{5DBCE3DC-388A-4B7D-98E1-BAFAB2B108DF}.Release with Debugger Features|Any CPU.Build.0 = Release with Debugger Features|Any CPU
		{5DBCE3DC-388A-4B7D-98E1-BAFAB2B108DF}.Release with Debugger Features|Mixed Platforms.ActiveCfg = Release with Debugger Features|x64
		{5DBCE3DC-388A-4B7D-98E1-BAFAB2B108DF}.Release with Debugger Features|Mixed Platforms.Build.0 = Release with Debugger Features|x64
		{5DBCE3DC-388A-4B7D-98E1-BAFAB2B108DF}.Release with Debugger Features|x64.ActiveCfg = Release with Debugger Features|x64
		{5DBCE3DC-388A-4B7D-98E1-BAFAB2B108DF}.Release with Debugger Features|x64.Build.0 = Release with Debugger Features|x64
		{5DBCE3DC-388A-4B7D-98E1-BAFAB2B108DF}.Release with Debugger Features|x86.ActiveCfg = Release with Debugger Features|x64
		{5DBCE3DC-388A-4B7D-98E1-BAFAB2B108DF}.Release|Any CPU.ActiveCfg = Release|Any CPU
		{5DBCE3DC-388A-4B7D-98E1-BAFAB2B108DF}.Release|Any CPU.Build.0 = Release|Any CPU
		{5DBCE3DC-388A-4B7D-98E1-BAFAB2B108DF}.Release|Mixed Platforms.ActiveCfg = Release|Any CPU
		{5DBCE3DC-388A-4B7D-98E1-BAFAB2B108DF}.Release|Mixed Platforms.Build.0 = Release|Any CPU
		{5DBCE3DC-388A-4B7D-98E1-BAFAB2B108DF}.Release|x64.ActiveCfg = Release|x64
		{5DBCE3DC-388A-4B7D-98E1-BAFAB2B108DF}.Release|x64.Build.0 = Release|x64
		{5DBCE3DC-388A-4B7D-98E1-BAFAB2B108DF}.Release|x86.ActiveCfg = Release|Any CPU
		{2062E99F-5BCF-4A3C-99D2-44A947BC27FC}.32-bit|Any CPU.ActiveCfg = Release No Tries|Any CPU
		{2062E99F-5BCF-4A3C-99D2-44A947BC27FC}.32-bit|Any CPU.Build.0 = Release No Tries|Any CPU
		{2062E99F-5BCF-4A3C-99D2-44A947BC27FC}.32-bit|Mixed Platforms.ActiveCfg = Release No Tries|Any CPU
		{2062E99F-5BCF-4A3C-99D2-44A947BC27FC}.32-bit|Mixed Platforms.Build.0 = Release No Tries|Any CPU
		{2062E99F-5BCF-4A3C-99D2-44A947BC27FC}.32-bit|x64.ActiveCfg = Release with Debugger Features|x64
		{2062E99F-5BCF-4A3C-99D2-44A947BC27FC}.32-bit|x64.Build.0 = Release with Debugger Features|x64
		{2062E99F-5BCF-4A3C-99D2-44A947BC27FC}.32-bit|x86.ActiveCfg = Release No Tries|Any CPU
		{2062E99F-5BCF-4A3C-99D2-44A947BC27FC}.CardGameFramework|Any CPU.ActiveCfg = Release No Tries|Any CPU
		{2062E99F-5BCF-4A3C-99D2-44A947BC27FC}.CardGameFramework|Any CPU.Build.0 = Release No Tries|Any CPU
		{2062E99F-5BCF-4A3C-99D2-44A947BC27FC}.CardGameFramework|Mixed Platforms.ActiveCfg = Release No Tries|Any CPU
		{2062E99F-5BCF-4A3C-99D2-44A947BC27FC}.CardGameFramework|Mixed Platforms.Build.0 = Release No Tries|Any CPU
		{2062E99F-5BCF-4A3C-99D2-44A947BC27FC}.CardGameFramework|x64.ActiveCfg = Release with Debugger Features|x64
		{2062E99F-5BCF-4A3C-99D2-44A947BC27FC}.CardGameFramework|x64.Build.0 = Release with Debugger Features|x64
		{2062E99F-5BCF-4A3C-99D2-44A947BC27FC}.CardGameFramework|x86.ActiveCfg = Release No Tries|Any CPU
		{2062E99F-5BCF-4A3C-99D2-44A947BC27FC}.Debug With Decode Strings|Any CPU.ActiveCfg = Debug With Decode Strings|Any CPU
		{2062E99F-5BCF-4A3C-99D2-44A947BC27FC}.Debug With Decode Strings|Any CPU.Build.0 = Debug With Decode Strings|Any CPU
		{2062E99F-5BCF-4A3C-99D2-44A947BC27FC}.Debug With Decode Strings|Mixed Platforms.ActiveCfg = Debug With Decode Strings|Any CPU
		{2062E99F-5BCF-4A3C-99D2-44A947BC27FC}.Debug With Decode Strings|Mixed Platforms.Build.0 = Debug With Decode Strings|Any CPU
		{2062E99F-5BCF-4A3C-99D2-44A947BC27FC}.Debug With Decode Strings|x64.ActiveCfg = Debug With Decode Strings|x64
		{2062E99F-5BCF-4A3C-99D2-44A947BC27FC}.Debug With Decode Strings|x64.Build.0 = Debug With Decode Strings|x64
		{2062E99F-5BCF-4A3C-99D2-44A947BC27FC}.Debug With Decode Strings|x86.ActiveCfg = Debug With Decode Strings|Any CPU
		{2062E99F-5BCF-4A3C-99D2-44A947BC27FC}.Debug Without Decode Strings|Any CPU.ActiveCfg = Debug With Decode Strings|Any CPU
		{2062E99F-5BCF-4A3C-99D2-44A947BC27FC}.Debug Without Decode Strings|Mixed Platforms.ActiveCfg = Debug With Decode Strings|Any CPU
		{2062E99F-5BCF-4A3C-99D2-44A947BC27FC}.Debug Without Decode Strings|Mixed Platforms.Build.0 = Debug With Decode Strings|Any CPU
		{2062E99F-5BCF-4A3C-99D2-44A947BC27FC}.Debug Without Decode Strings|x64.ActiveCfg = Debug With Decode Strings|x64
		{2062E99F-5BCF-4A3C-99D2-44A947BC27FC}.Debug Without Decode Strings|x64.Build.0 = Debug With Decode Strings|x64
		{2062E99F-5BCF-4A3C-99D2-44A947BC27FC}.Debug Without Decode Strings|x86.ActiveCfg = Debug With Decode Strings|Any CPU
		{2062E99F-5BCF-4A3C-99D2-44A947BC27FC}.Debug Without Tries|Any CPU.ActiveCfg = Debug|Any CPU
		{2062E99F-5BCF-4A3C-99D2-44A947BC27FC}.Debug Without Tries|Any CPU.Build.0 = Debug|Any CPU
		{2062E99F-5BCF-4A3C-99D2-44A947BC27FC}.Debug Without Tries|Mixed Platforms.ActiveCfg = Debug With Decode Strings|Any CPU
		{2062E99F-5BCF-4A3C-99D2-44A947BC27FC}.Debug Without Tries|Mixed Platforms.Build.0 = Debug With Decode Strings|Any CPU
		{2062E99F-5BCF-4A3C-99D2-44A947BC27FC}.Debug Without Tries|x64.ActiveCfg = Debug With Decode Strings|x64
		{2062E99F-5BCF-4A3C-99D2-44A947BC27FC}.Debug Without Tries|x64.Build.0 = Debug With Decode Strings|x64
		{2062E99F-5BCF-4A3C-99D2-44A947BC27FC}.Debug Without Tries|x86.ActiveCfg = Debug With Decode Strings|Any CPU
		{2062E99F-5BCF-4A3C-99D2-44A947BC27FC}.Debug|Any CPU.ActiveCfg = Debug|Any CPU
		{2062E99F-5BCF-4A3C-99D2-44A947BC27FC}.Debug|Any CPU.Build.0 = Debug|Any CPU
		{2062E99F-5BCF-4A3C-99D2-44A947BC27FC}.Debug|Mixed Platforms.ActiveCfg = Debug|Any CPU
		{2062E99F-5BCF-4A3C-99D2-44A947BC27FC}.Debug|Mixed Platforms.Build.0 = Debug|Any CPU
		{2062E99F-5BCF-4A3C-99D2-44A947BC27FC}.Debug|x64.ActiveCfg = Debug|x64
		{2062E99F-5BCF-4A3C-99D2-44A947BC27FC}.Debug|x64.Build.0 = Debug|x64
		{2062E99F-5BCF-4A3C-99D2-44A947BC27FC}.Debug|x86.ActiveCfg = Debug|Any CPU
		{2062E99F-5BCF-4A3C-99D2-44A947BC27FC}.Debug|x86.Build.0 = Debug|Any CPU
		{2062E99F-5BCF-4A3C-99D2-44A947BC27FC}.PerfTest|Any CPU.ActiveCfg = PerfTest|Any CPU
		{2062E99F-5BCF-4A3C-99D2-44A947BC27FC}.PerfTest|Any CPU.Build.0 = PerfTest|Any CPU
		{2062E99F-5BCF-4A3C-99D2-44A947BC27FC}.PerfTest|Mixed Platforms.ActiveCfg = PerfTest|Any CPU
		{2062E99F-5BCF-4A3C-99D2-44A947BC27FC}.PerfTest|Mixed Platforms.Build.0 = PerfTest|Any CPU
		{2062E99F-5BCF-4A3C-99D2-44A947BC27FC}.PerfTest|x64.ActiveCfg = PerfTest|x64
		{2062E99F-5BCF-4A3C-99D2-44A947BC27FC}.PerfTest|x64.Build.0 = PerfTest|x64
		{2062E99F-5BCF-4A3C-99D2-44A947BC27FC}.PerfTest|x86.ActiveCfg = PerfTest|Any CPU
		{2062E99F-5BCF-4A3C-99D2-44A947BC27FC}.Release No Tries|Any CPU.ActiveCfg = Release No Tries|Any CPU
		{2062E99F-5BCF-4A3C-99D2-44A947BC27FC}.Release No Tries|Any CPU.Build.0 = Release No Tries|Any CPU
		{2062E99F-5BCF-4A3C-99D2-44A947BC27FC}.Release No Tries|Mixed Platforms.ActiveCfg = Release No Tries|Any CPU
		{2062E99F-5BCF-4A3C-99D2-44A947BC27FC}.Release No Tries|Mixed Platforms.Build.0 = Release No Tries|Any CPU
		{2062E99F-5BCF-4A3C-99D2-44A947BC27FC}.Release No Tries|x64.ActiveCfg = Release No Tries|x64
		{2062E99F-5BCF-4A3C-99D2-44A947BC27FC}.Release No Tries|x64.Build.0 = Release No Tries|x64
		{2062E99F-5BCF-4A3C-99D2-44A947BC27FC}.Release No Tries|x86.ActiveCfg = Release No Tries|Any CPU
		{2062E99F-5BCF-4A3C-99D2-44A947BC27FC}.Release with Debugger Features|Any CPU.ActiveCfg = Release with Debugger Features|Any CPU
		{2062E99F-5BCF-4A3C-99D2-44A947BC27FC}.Release with Debugger Features|Any CPU.Build.0 = Release with Debugger Features|Any CPU
		{2062E99F-5BCF-4A3C-99D2-44A947BC27FC}.Release with Debugger Features|Mixed Platforms.ActiveCfg = Release with Debugger Features|x64
		{2062E99F-5BCF-4A3C-99D2-44A947BC27FC}.Release with Debugger Features|Mixed Platforms.Build.0 = Release with Debugger Features|x64
		{2062E99F-5BCF-4A3C-99D2-44A947BC27FC}.Release with Debugger Features|x64.ActiveCfg = Release with Debugger Features|x64
		{2062E99F-5BCF-4A3C-99D2-44A947BC27FC}.Release with Debugger Features|x64.Build.0 = Release with Debugger Features|x64
		{2062E99F-5BCF-4A3C-99D2-44A947BC27FC}.Release with Debugger Features|x86.ActiveCfg = Release with Debugger Features|x64
		{2062E99F-5BCF-4A3C-99D2-44A947BC27FC}.Release|Any CPU.ActiveCfg = Release|Any CPU
		{2062E99F-5BCF-4A3C-99D2-44A947BC27FC}.Release|Any CPU.Build.0 = Release|Any CPU
		{2062E99F-5BCF-4A3C-99D2-44A947BC27FC}.Release|Mixed Platforms.ActiveCfg = Release|Any CPU
		{2062E99F-5BCF-4A3C-99D2-44A947BC27FC}.Release|Mixed Platforms.Build.0 = Release|Any CPU
		{2062E99F-5BCF-4A3C-99D2-44A947BC27FC}.Release|x64.ActiveCfg = Release|x64
		{2062E99F-5BCF-4A3C-99D2-44A947BC27FC}.Release|x64.Build.0 = Release|x64
		{2062E99F-5BCF-4A3C-99D2-44A947BC27FC}.Release|x86.ActiveCfg = Release|Any CPU
		{01E88126-6895-4AC3-AE8B-6355A82EA438}.32-bit|Any CPU.ActiveCfg = Debug With Decode Strings|Any CPU
		{01E88126-6895-4AC3-AE8B-6355A82EA438}.32-bit|Any CPU.Build.0 = Debug With Decode Strings|Any CPU
		{01E88126-6895-4AC3-AE8B-6355A82EA438}.32-bit|Mixed Platforms.ActiveCfg = Debug|Any CPU
		{01E88126-6895-4AC3-AE8B-6355A82EA438}.32-bit|x64.ActiveCfg = Release with Debugger Features|x64
		{01E88126-6895-4AC3-AE8B-6355A82EA438}.32-bit|x64.Build.0 = Release with Debugger Features|x64
		{01E88126-6895-4AC3-AE8B-6355A82EA438}.32-bit|x86.ActiveCfg = Debug With Decode Strings|Any CPU
		{01E88126-6895-4AC3-AE8B-6355A82EA438}.CardGameFramework|Any CPU.ActiveCfg = Release No Tries|Any CPU
		{01E88126-6895-4AC3-AE8B-6355A82EA438}.CardGameFramework|Any CPU.Build.0 = Release No Tries|Any CPU
		{01E88126-6895-4AC3-AE8B-6355A82EA438}.CardGameFramework|Mixed Platforms.ActiveCfg = Debug With Decode Strings|Any CPU
		{01E88126-6895-4AC3-AE8B-6355A82EA438}.CardGameFramework|x64.ActiveCfg = Release with Debugger Features|x64
		{01E88126-6895-4AC3-AE8B-6355A82EA438}.CardGameFramework|x64.Build.0 = Release with Debugger Features|x64
		{01E88126-6895-4AC3-AE8B-6355A82EA438}.CardGameFramework|x86.ActiveCfg = Debug With Decode Strings|Any CPU
		{01E88126-6895-4AC3-AE8B-6355A82EA438}.Debug With Decode Strings|Any CPU.ActiveCfg = Debug With Decode Strings|Any CPU
		{01E88126-6895-4AC3-AE8B-6355A82EA438}.Debug With Decode Strings|Any CPU.Build.0 = Debug With Decode Strings|Any CPU
		{01E88126-6895-4AC3-AE8B-6355A82EA438}.Debug With Decode Strings|Mixed Platforms.ActiveCfg = Debug With Decode Strings|Any CPU
		{01E88126-6895-4AC3-AE8B-6355A82EA438}.Debug With Decode Strings|x64.ActiveCfg = Debug With Decode Strings|x64
		{01E88126-6895-4AC3-AE8B-6355A82EA438}.Debug With Decode Strings|x64.Build.0 = Debug With Decode Strings|x64
		{01E88126-6895-4AC3-AE8B-6355A82EA438}.Debug With Decode Strings|x86.ActiveCfg = Debug With Decode Strings|Any CPU
		{01E88126-6895-4AC3-AE8B-6355A82EA438}.Debug Without Decode Strings|Any CPU.ActiveCfg = Debug|Any CPU
		{01E88126-6895-4AC3-AE8B-6355A82EA438}.Debug Without Decode Strings|Any CPU.Build.0 = Debug|Any CPU
		{01E88126-6895-4AC3-AE8B-6355A82EA438}.Debug Without Decode Strings|Mixed Platforms.ActiveCfg = Debug Without Tries|Any CPU
		{01E88126-6895-4AC3-AE8B-6355A82EA438}.Debug Without Decode Strings|x64.ActiveCfg = Debug Without Tries|x64
		{01E88126-6895-4AC3-AE8B-6355A82EA438}.Debug Without Decode Strings|x64.Build.0 = Debug Without Tries|x64
		{01E88126-6895-4AC3-AE8B-6355A82EA438}.Debug Without Decode Strings|x86.ActiveCfg = Debug Without Tries|Any CPU
		{01E88126-6895-4AC3-AE8B-6355A82EA438}.Debug Without Tries|Any CPU.ActiveCfg = Debug Without Tries|Any CPU
		{01E88126-6895-4AC3-AE8B-6355A82EA438}.Debug Without Tries|Any CPU.Build.0 = Debug Without Tries|Any CPU
		{01E88126-6895-4AC3-AE8B-6355A82EA438}.Debug Without Tries|Mixed Platforms.ActiveCfg = Debug Without Tries|Any CPU
		{01E88126-6895-4AC3-AE8B-6355A82EA438}.Debug Without Tries|x64.ActiveCfg = Debug Without Tries|x64
		{01E88126-6895-4AC3-AE8B-6355A82EA438}.Debug Without Tries|x64.Build.0 = Debug Without Tries|x64
		{01E88126-6895-4AC3-AE8B-6355A82EA438}.Debug Without Tries|x86.ActiveCfg = Debug Without Tries|Any CPU
		{01E88126-6895-4AC3-AE8B-6355A82EA438}.Debug|Any CPU.ActiveCfg = Debug|Any CPU
		{01E88126-6895-4AC3-AE8B-6355A82EA438}.Debug|Any CPU.Build.0 = Debug|Any CPU
		{01E88126-6895-4AC3-AE8B-6355A82EA438}.Debug|Mixed Platforms.ActiveCfg = Debug|Any CPU
		{01E88126-6895-4AC3-AE8B-6355A82EA438}.Debug|x64.ActiveCfg = Debug|x64
		{01E88126-6895-4AC3-AE8B-6355A82EA438}.Debug|x86.ActiveCfg = Debug|Any CPU
		{01E88126-6895-4AC3-AE8B-6355A82EA438}.PerfTest|Any CPU.ActiveCfg = Release|Any CPU
		{01E88126-6895-4AC3-AE8B-6355A82EA438}.PerfTest|Any CPU.Build.0 = Release|Any CPU
		{01E88126-6895-4AC3-AE8B-6355A82EA438}.PerfTest|Mixed Platforms.ActiveCfg = Debug With Decode Strings|Any CPU
		{01E88126-6895-4AC3-AE8B-6355A82EA438}.PerfTest|x64.ActiveCfg = Release with Debugger Features|x64
		{01E88126-6895-4AC3-AE8B-6355A82EA438}.PerfTest|x64.Build.0 = Release with Debugger Features|x64
		{01E88126-6895-4AC3-AE8B-6355A82EA438}.PerfTest|x86.ActiveCfg = Debug With Decode Strings|Any CPU
		{01E88126-6895-4AC3-AE8B-6355A82EA438}.Release No Tries|Any CPU.ActiveCfg = Release No Tries|Any CPU
		{01E88126-6895-4AC3-AE8B-6355A82EA438}.Release No Tries|Any CPU.Build.0 = Release No Tries|Any CPU
		{01E88126-6895-4AC3-AE8B-6355A82EA438}.Release No Tries|Mixed Platforms.ActiveCfg = Release No Tries|Any CPU
		{01E88126-6895-4AC3-AE8B-6355A82EA438}.Release No Tries|x64.ActiveCfg = Release No Tries|x64
		{01E88126-6895-4AC3-AE8B-6355A82EA438}.Release No Tries|x64.Build.0 = Release No Tries|x64
		{01E88126-6895-4AC3-AE8B-6355A82EA438}.Release No Tries|x86.ActiveCfg = Release No Tries|Any CPU
		{01E88126-6895-4AC3-AE8B-6355A82EA438}.Release with Debugger Features|Any CPU.ActiveCfg = Release with Debugger Features|Any CPU
		{01E88126-6895-4AC3-AE8B-6355A82EA438}.Release with Debugger Features|Mixed Platforms.ActiveCfg = Release with Debugger Features|x64
		{01E88126-6895-4AC3-AE8B-6355A82EA438}.Release with Debugger Features|x64.ActiveCfg = Release with Debugger Features|x64
		{01E88126-6895-4AC3-AE8B-6355A82EA438}.Release with Debugger Features|x64.Build.0 = Release with Debugger Features|x64
		{01E88126-6895-4AC3-AE8B-6355A82EA438}.Release with Debugger Features|x86.ActiveCfg = Release with Debugger Features|x64
		{01E88126-6895-4AC3-AE8B-6355A82EA438}.Release|Any CPU.ActiveCfg = Release|Any CPU
		{01E88126-6895-4AC3-AE8B-6355A82EA438}.Release|Any CPU.Build.0 = Release|Any CPU
		{01E88126-6895-4AC3-AE8B-6355A82EA438}.Release|Mixed Platforms.ActiveCfg = Release|Any CPU
		{01E88126-6895-4AC3-AE8B-6355A82EA438}.Release|x64.ActiveCfg = Release|x64
		{01E88126-6895-4AC3-AE8B-6355A82EA438}.Release|x86.ActiveCfg = Release|Any CPU
		{6E5EA315-68BC-4467-8703-B6C97395A55A}.32-bit|Any CPU.ActiveCfg = 32-bit|x86
		{6E5EA315-68BC-4467-8703-B6C97395A55A}.32-bit|Mixed Platforms.ActiveCfg = Debug|x86
		{6E5EA315-68BC-4467-8703-B6C97395A55A}.32-bit|Mixed Platforms.Build.0 = Debug|x86
		{6E5EA315-68BC-4467-8703-B6C97395A55A}.32-bit|x64.ActiveCfg = 32-bit|x64
		{6E5EA315-68BC-4467-8703-B6C97395A55A}.32-bit|x64.Build.0 = 32-bit|x64
		{6E5EA315-68BC-4467-8703-B6C97395A55A}.32-bit|x86.ActiveCfg = 32-bit|x86
		{6E5EA315-68BC-4467-8703-B6C97395A55A}.32-bit|x86.Build.0 = 32-bit|x86
		{6E5EA315-68BC-4467-8703-B6C97395A55A}.CardGameFramework|Any CPU.ActiveCfg = Release|x86
		{6E5EA315-68BC-4467-8703-B6C97395A55A}.CardGameFramework|Mixed Platforms.ActiveCfg = Release|x86
		{6E5EA315-68BC-4467-8703-B6C97395A55A}.CardGameFramework|Mixed Platforms.Build.0 = Release|x86
		{6E5EA315-68BC-4467-8703-B6C97395A55A}.CardGameFramework|x64.ActiveCfg = Release with Debugger Features|x64
		{6E5EA315-68BC-4467-8703-B6C97395A55A}.CardGameFramework|x64.Build.0 = Release with Debugger Features|x64
		{6E5EA315-68BC-4467-8703-B6C97395A55A}.CardGameFramework|x86.ActiveCfg = Release|x86
		{6E5EA315-68BC-4467-8703-B6C97395A55A}.CardGameFramework|x86.Build.0 = Release|x86
		{6E5EA315-68BC-4467-8703-B6C97395A55A}.Debug With Decode Strings|Any CPU.ActiveCfg = Debug|x86
		{6E5EA315-68BC-4467-8703-B6C97395A55A}.Debug With Decode Strings|Mixed Platforms.ActiveCfg = Debug|x86
		{6E5EA315-68BC-4467-8703-B6C97395A55A}.Debug With Decode Strings|Mixed Platforms.Build.0 = Debug|x86
		{6E5EA315-68BC-4467-8703-B6C97395A55A}.Debug With Decode Strings|x64.ActiveCfg = Debug|x64
		{6E5EA315-68BC-4467-8703-B6C97395A55A}.Debug With Decode Strings|x64.Build.0 = Debug|x64
		{6E5EA315-68BC-4467-8703-B6C97395A55A}.Debug With Decode Strings|x86.ActiveCfg = Debug|x86
		{6E5EA315-68BC-4467-8703-B6C97395A55A}.Debug With Decode Strings|x86.Build.0 = Debug|x86
		{6E5EA315-68BC-4467-8703-B6C97395A55A}.Debug Without Decode Strings|Any CPU.ActiveCfg = Debug|x86
		{6E5EA315-68BC-4467-8703-B6C97395A55A}.Debug Without Decode Strings|Mixed Platforms.ActiveCfg = Debug|x86
		{6E5EA315-68BC-4467-8703-B6C97395A55A}.Debug Without Decode Strings|Mixed Platforms.Build.0 = Debug|x86
		{6E5EA315-68BC-4467-8703-B6C97395A55A}.Debug Without Decode Strings|x64.ActiveCfg = Debug|x64
		{6E5EA315-68BC-4467-8703-B6C97395A55A}.Debug Without Decode Strings|x64.Build.0 = Debug|x64
		{6E5EA315-68BC-4467-8703-B6C97395A55A}.Debug Without Decode Strings|x86.ActiveCfg = Debug|x86
		{6E5EA315-68BC-4467-8703-B6C97395A55A}.Debug Without Decode Strings|x86.Build.0 = Debug|x86
		{6E5EA315-68BC-4467-8703-B6C97395A55A}.Debug Without Tries|Any CPU.ActiveCfg = Debug|x86
		{6E5EA315-68BC-4467-8703-B6C97395A55A}.Debug Without Tries|Mixed Platforms.ActiveCfg = Debug|x86
		{6E5EA315-68BC-4467-8703-B6C97395A55A}.Debug Without Tries|Mixed Platforms.Build.0 = Debug|x86
		{6E5EA315-68BC-4467-8703-B6C97395A55A}.Debug Without Tries|x64.ActiveCfg = Debug|x64
		{6E5EA315-68BC-4467-8703-B6C97395A55A}.Debug Without Tries|x64.Build.0 = Debug|x64
		{6E5EA315-68BC-4467-8703-B6C97395A55A}.Debug Without Tries|x86.ActiveCfg = Debug|x86
		{6E5EA315-68BC-4467-8703-B6C97395A55A}.Debug Without Tries|x86.Build.0 = Debug|x86
		{6E5EA315-68BC-4467-8703-B6C97395A55A}.Debug|Any CPU.ActiveCfg = Debug|x86
		{6E5EA315-68BC-4467-8703-B6C97395A55A}.Debug|Mixed Platforms.ActiveCfg = Debug|x64
		{6E5EA315-68BC-4467-8703-B6C97395A55A}.Debug|Mixed Platforms.Build.0 = Debug|x64
		{6E5EA315-68BC-4467-8703-B6C97395A55A}.Debug|x64.ActiveCfg = Debug|x64
		{6E5EA315-68BC-4467-8703-B6C97395A55A}.Debug|x64.Build.0 = Debug|x64
		{6E5EA315-68BC-4467-8703-B6C97395A55A}.Debug|x86.ActiveCfg = Debug|x86
		{6E5EA315-68BC-4467-8703-B6C97395A55A}.Debug|x86.Build.0 = Debug|x86
		{6E5EA315-68BC-4467-8703-B6C97395A55A}.PerfTest|Any CPU.ActiveCfg = Release|x86
		{6E5EA315-68BC-4467-8703-B6C97395A55A}.PerfTest|Mixed Platforms.ActiveCfg = Release|x86
		{6E5EA315-68BC-4467-8703-B6C97395A55A}.PerfTest|Mixed Platforms.Build.0 = Release|x86
		{6E5EA315-68BC-4467-8703-B6C97395A55A}.PerfTest|x64.ActiveCfg = Release with Debugger Features|x64
		{6E5EA315-68BC-4467-8703-B6C97395A55A}.PerfTest|x64.Build.0 = Release with Debugger Features|x64
		{6E5EA315-68BC-4467-8703-B6C97395A55A}.PerfTest|x86.ActiveCfg = Release|x86
		{6E5EA315-68BC-4467-8703-B6C97395A55A}.PerfTest|x86.Build.0 = Release|x86
		{6E5EA315-68BC-4467-8703-B6C97395A55A}.Release No Tries|Any CPU.ActiveCfg = Release|x86
		{6E5EA315-68BC-4467-8703-B6C97395A55A}.Release No Tries|Mixed Platforms.ActiveCfg = Release|x86
		{6E5EA315-68BC-4467-8703-B6C97395A55A}.Release No Tries|Mixed Platforms.Build.0 = Release|x86
		{6E5EA315-68BC-4467-8703-B6C97395A55A}.Release No Tries|x64.ActiveCfg = Release with Debugger Features|x64
		{6E5EA315-68BC-4467-8703-B6C97395A55A}.Release No Tries|x64.Build.0 = Release with Debugger Features|x64
		{6E5EA315-68BC-4467-8703-B6C97395A55A}.Release No Tries|x86.ActiveCfg = Release|x86
		{6E5EA315-68BC-4467-8703-B6C97395A55A}.Release No Tries|x86.Build.0 = Release|x86
		{6E5EA315-68BC-4467-8703-B6C97395A55A}.Release with Debugger Features|Any CPU.ActiveCfg = Release with Debugger Features|x64
		{6E5EA315-68BC-4467-8703-B6C97395A55A}.Release with Debugger Features|Any CPU.Build.0 = Release with Debugger Features|x64
		{6E5EA315-68BC-4467-8703-B6C97395A55A}.Release with Debugger Features|Mixed Platforms.ActiveCfg = Release with Debugger Features|x64
		{6E5EA315-68BC-4467-8703-B6C97395A55A}.Release with Debugger Features|Mixed Platforms.Build.0 = Release with Debugger Features|x64
		{6E5EA315-68BC-4467-8703-B6C97395A55A}.Release with Debugger Features|x64.ActiveCfg = Release with Debugger Features|x64
		{6E5EA315-68BC-4467-8703-B6C97395A55A}.Release with Debugger Features|x64.Build.0 = Release with Debugger Features|x64
		{6E5EA315-68BC-4467-8703-B6C97395A55A}.Release with Debugger Features|x86.ActiveCfg = Release with Debugger Features|x86
		{6E5EA315-68BC-4467-8703-B6C97395A55A}.Release with Debugger Features|x86.Build.0 = Release with Debugger Features|x86
		{6E5EA315-68BC-4467-8703-B6C97395A55A}.Release|Any CPU.ActiveCfg = Release|x86
		{6E5EA315-68BC-4467-8703-B6C97395A55A}.Release|Mixed Platforms.ActiveCfg = Release|x64
		{6E5EA315-68BC-4467-8703-B6C97395A55A}.Release|Mixed Platforms.Build.0 = Release|x64
		{6E5EA315-68BC-4467-8703-B6C97395A55A}.Release|x64.ActiveCfg = Release|x64
		{6E5EA315-68BC-4467-8703-B6C97395A55A}.Release|x64.Build.0 = Release|x64
		{6E5EA315-68BC-4467-8703-B6C97395A55A}.Release|x86.ActiveCfg = Release|x86
		{6E5EA315-68BC-4467-8703-B6C97395A55A}.Release|x86.Build.0 = Release|x86
		{8FB03EC5-DD87-44D1-AECD-0D92012D1C0A}.32-bit|Any CPU.ActiveCfg = Release|Any CPU
		{8FB03EC5-DD87-44D1-AECD-0D92012D1C0A}.32-bit|Any CPU.Build.0 = Release|Any CPU
		{8FB03EC5-DD87-44D1-AECD-0D92012D1C0A}.32-bit|Mixed Platforms.ActiveCfg = Release|Any CPU
		{8FB03EC5-DD87-44D1-AECD-0D92012D1C0A}.32-bit|Mixed Platforms.Build.0 = Release|Any CPU
		{8FB03EC5-DD87-44D1-AECD-0D92012D1C0A}.32-bit|x64.ActiveCfg = Release|Any CPU
		{8FB03EC5-DD87-44D1-AECD-0D92012D1C0A}.32-bit|x86.ActiveCfg = Release|Any CPU
		{8FB03EC5-DD87-44D1-AECD-0D92012D1C0A}.CardGameFramework|Any CPU.ActiveCfg = Release|Any CPU
		{8FB03EC5-DD87-44D1-AECD-0D92012D1C0A}.CardGameFramework|Any CPU.Build.0 = Release|Any CPU
		{8FB03EC5-DD87-44D1-AECD-0D92012D1C0A}.CardGameFramework|Mixed Platforms.ActiveCfg = Release|Any CPU
		{8FB03EC5-DD87-44D1-AECD-0D92012D1C0A}.CardGameFramework|Mixed Platforms.Build.0 = Release|Any CPU
		{8FB03EC5-DD87-44D1-AECD-0D92012D1C0A}.CardGameFramework|x64.ActiveCfg = Release|Any CPU
		{8FB03EC5-DD87-44D1-AECD-0D92012D1C0A}.CardGameFramework|x86.ActiveCfg = Release|Any CPU
		{8FB03EC5-DD87-44D1-AECD-0D92012D1C0A}.Debug With Decode Strings|Any CPU.ActiveCfg = Debug|Any CPU
		{8FB03EC5-DD87-44D1-AECD-0D92012D1C0A}.Debug With Decode Strings|Any CPU.Build.0 = Debug|Any CPU
		{8FB03EC5-DD87-44D1-AECD-0D92012D1C0A}.Debug With Decode Strings|Mixed Platforms.ActiveCfg = Debug|Any CPU
		{8FB03EC5-DD87-44D1-AECD-0D92012D1C0A}.Debug With Decode Strings|Mixed Platforms.Build.0 = Debug|Any CPU
		{8FB03EC5-DD87-44D1-AECD-0D92012D1C0A}.Debug With Decode Strings|x64.ActiveCfg = Debug|Any CPU
		{8FB03EC5-DD87-44D1-AECD-0D92012D1C0A}.Debug With Decode Strings|x86.ActiveCfg = Debug|Any CPU
		{8FB03EC5-DD87-44D1-AECD-0D92012D1C0A}.Debug Without Decode Strings|Any CPU.ActiveCfg = Debug|Any CPU
		{8FB03EC5-DD87-44D1-AECD-0D92012D1C0A}.Debug Without Decode Strings|Any CPU.Build.0 = Debug|Any CPU
		{8FB03EC5-DD87-44D1-AECD-0D92012D1C0A}.Debug Without Decode Strings|Mixed Platforms.ActiveCfg = Debug|Any CPU
		{8FB03EC5-DD87-44D1-AECD-0D92012D1C0A}.Debug Without Decode Strings|Mixed Platforms.Build.0 = Debug|Any CPU
		{8FB03EC5-DD87-44D1-AECD-0D92012D1C0A}.Debug Without Decode Strings|x64.ActiveCfg = Debug|Any CPU
		{8FB03EC5-DD87-44D1-AECD-0D92012D1C0A}.Debug Without Decode Strings|x86.ActiveCfg = Debug|Any CPU
		{8FB03EC5-DD87-44D1-AECD-0D92012D1C0A}.Debug Without Tries|Any CPU.ActiveCfg = Debug|Any CPU
		{8FB03EC5-DD87-44D1-AECD-0D92012D1C0A}.Debug Without Tries|Any CPU.Build.0 = Debug|Any CPU
		{8FB03EC5-DD87-44D1-AECD-0D92012D1C0A}.Debug Without Tries|Mixed Platforms.ActiveCfg = Debug|Any CPU
		{8FB03EC5-DD87-44D1-AECD-0D92012D1C0A}.Debug Without Tries|Mixed Platforms.Build.0 = Debug|Any CPU
		{8FB03EC5-DD87-44D1-AECD-0D92012D1C0A}.Debug Without Tries|x64.ActiveCfg = Debug|Any CPU
		{8FB03EC5-DD87-44D1-AECD-0D92012D1C0A}.Debug Without Tries|x86.ActiveCfg = Debug|Any CPU
		{8FB03EC5-DD87-44D1-AECD-0D92012D1C0A}.Debug|Any CPU.ActiveCfg = Debug|Any CPU
		{8FB03EC5-DD87-44D1-AECD-0D92012D1C0A}.Debug|Any CPU.Build.0 = Debug|Any CPU
		{8FB03EC5-DD87-44D1-AECD-0D92012D1C0A}.Debug|Mixed Platforms.ActiveCfg = Debug|Any CPU
		{8FB03EC5-DD87-44D1-AECD-0D92012D1C0A}.Debug|Mixed Platforms.Build.0 = Debug|Any CPU
		{8FB03EC5-DD87-44D1-AECD-0D92012D1C0A}.Debug|x64.ActiveCfg = Debug|x64
		{8FB03EC5-DD87-44D1-AECD-0D92012D1C0A}.Debug|x64.Build.0 = Debug|x64
		{8FB03EC5-DD87-44D1-AECD-0D92012D1C0A}.Debug|x86.ActiveCfg = Debug|Any CPU
		{8FB03EC5-DD87-44D1-AECD-0D92012D1C0A}.Debug|x86.Build.0 = Debug|Any CPU
		{8FB03EC5-DD87-44D1-AECD-0D92012D1C0A}.PerfTest|Any CPU.ActiveCfg = Release|Any CPU
		{8FB03EC5-DD87-44D1-AECD-0D92012D1C0A}.PerfTest|Any CPU.Build.0 = Release|Any CPU
		{8FB03EC5-DD87-44D1-AECD-0D92012D1C0A}.PerfTest|Mixed Platforms.ActiveCfg = Release|Any CPU
		{8FB03EC5-DD87-44D1-AECD-0D92012D1C0A}.PerfTest|Mixed Platforms.Build.0 = Release|Any CPU
		{8FB03EC5-DD87-44D1-AECD-0D92012D1C0A}.PerfTest|x64.ActiveCfg = Release|Any CPU
		{8FB03EC5-DD87-44D1-AECD-0D92012D1C0A}.PerfTest|x86.ActiveCfg = Release|Any CPU
		{8FB03EC5-DD87-44D1-AECD-0D92012D1C0A}.Release No Tries|Any CPU.ActiveCfg = Release|Any CPU
		{8FB03EC5-DD87-44D1-AECD-0D92012D1C0A}.Release No Tries|Any CPU.Build.0 = Release|Any CPU
		{8FB03EC5-DD87-44D1-AECD-0D92012D1C0A}.Release No Tries|Mixed Platforms.ActiveCfg = Release|Any CPU
		{8FB03EC5-DD87-44D1-AECD-0D92012D1C0A}.Release No Tries|Mixed Platforms.Build.0 = Release|Any CPU
		{8FB03EC5-DD87-44D1-AECD-0D92012D1C0A}.Release No Tries|x64.ActiveCfg = Release|Any CPU
		{8FB03EC5-DD87-44D1-AECD-0D92012D1C0A}.Release No Tries|x86.ActiveCfg = Release|Any CPU
		{8FB03EC5-DD87-44D1-AECD-0D92012D1C0A}.Release with Debugger Features|Any CPU.ActiveCfg = Release|Any CPU
		{8FB03EC5-DD87-44D1-AECD-0D92012D1C0A}.Release with Debugger Features|Any CPU.Build.0 = Release|Any CPU
		{8FB03EC5-DD87-44D1-AECD-0D92012D1C0A}.Release with Debugger Features|Mixed Platforms.ActiveCfg = Release|Any CPU
		{8FB03EC5-DD87-44D1-AECD-0D92012D1C0A}.Release with Debugger Features|Mixed Platforms.Build.0 = Release|Any CPU
		{8FB03EC5-DD87-44D1-AECD-0D92012D1C0A}.Release with Debugger Features|x64.ActiveCfg = Release|Any CPU
		{8FB03EC5-DD87-44D1-AECD-0D92012D1C0A}.Release with Debugger Features|x86.ActiveCfg = Release|Any CPU
		{8FB03EC5-DD87-44D1-AECD-0D92012D1C0A}.Release|Any CPU.ActiveCfg = Release|Any CPU
		{8FB03EC5-DD87-44D1-AECD-0D92012D1C0A}.Release|Any CPU.Build.0 = Release|Any CPU
		{8FB03EC5-DD87-44D1-AECD-0D92012D1C0A}.Release|Mixed Platforms.ActiveCfg = Release|Any CPU
		{8FB03EC5-DD87-44D1-AECD-0D92012D1C0A}.Release|Mixed Platforms.Build.0 = Release|Any CPU
		{8FB03EC5-DD87-44D1-AECD-0D92012D1C0A}.Release|x64.ActiveCfg = Release|x64
		{8FB03EC5-DD87-44D1-AECD-0D92012D1C0A}.Release|x64.Build.0 = Release|x64
		{8FB03EC5-DD87-44D1-AECD-0D92012D1C0A}.Release|x86.ActiveCfg = Release|Any CPU
		{FF4ADB46-210E-429E-9176-68613F5CBE90}.32-bit|Any CPU.ActiveCfg = Release|Any CPU
		{FF4ADB46-210E-429E-9176-68613F5CBE90}.32-bit|Any CPU.Build.0 = Release|Any CPU
		{FF4ADB46-210E-429E-9176-68613F5CBE90}.32-bit|Mixed Platforms.ActiveCfg = Release|Any CPU
		{FF4ADB46-210E-429E-9176-68613F5CBE90}.32-bit|Mixed Platforms.Build.0 = Release|Any CPU
		{FF4ADB46-210E-429E-9176-68613F5CBE90}.32-bit|x64.ActiveCfg = Release|Any CPU
		{FF4ADB46-210E-429E-9176-68613F5CBE90}.32-bit|x86.ActiveCfg = Release|Any CPU
		{FF4ADB46-210E-429E-9176-68613F5CBE90}.CardGameFramework|Any CPU.ActiveCfg = Release|Any CPU
		{FF4ADB46-210E-429E-9176-68613F5CBE90}.CardGameFramework|Any CPU.Build.0 = Release|Any CPU
		{FF4ADB46-210E-429E-9176-68613F5CBE90}.CardGameFramework|Mixed Platforms.ActiveCfg = Release|Any CPU
		{FF4ADB46-210E-429E-9176-68613F5CBE90}.CardGameFramework|Mixed Platforms.Build.0 = Release|Any CPU
		{FF4ADB46-210E-429E-9176-68613F5CBE90}.CardGameFramework|x64.ActiveCfg = Release|Any CPU
		{FF4ADB46-210E-429E-9176-68613F5CBE90}.CardGameFramework|x86.ActiveCfg = Release|Any CPU
		{FF4ADB46-210E-429E-9176-68613F5CBE90}.Debug With Decode Strings|Any CPU.ActiveCfg = Debug|Any CPU
		{FF4ADB46-210E-429E-9176-68613F5CBE90}.Debug With Decode Strings|Any CPU.Build.0 = Debug|Any CPU
		{FF4ADB46-210E-429E-9176-68613F5CBE90}.Debug With Decode Strings|Mixed Platforms.ActiveCfg = Debug|Any CPU
		{FF4ADB46-210E-429E-9176-68613F5CBE90}.Debug With Decode Strings|Mixed Platforms.Build.0 = Debug|Any CPU
		{FF4ADB46-210E-429E-9176-68613F5CBE90}.Debug With Decode Strings|x64.ActiveCfg = Debug|Any CPU
		{FF4ADB46-210E-429E-9176-68613F5CBE90}.Debug With Decode Strings|x86.ActiveCfg = Debug|Any CPU
		{FF4ADB46-210E-429E-9176-68613F5CBE90}.Debug Without Decode Strings|Any CPU.ActiveCfg = Debug|Any CPU
		{FF4ADB46-210E-429E-9176-68613F5CBE90}.Debug Without Decode Strings|Any CPU.Build.0 = Debug|Any CPU
		{FF4ADB46-210E-429E-9176-68613F5CBE90}.Debug Without Decode Strings|Mixed Platforms.ActiveCfg = Debug|Any CPU
		{FF4ADB46-210E-429E-9176-68613F5CBE90}.Debug Without Decode Strings|Mixed Platforms.Build.0 = Debug|Any CPU
		{FF4ADB46-210E-429E-9176-68613F5CBE90}.Debug Without Decode Strings|x64.ActiveCfg = Debug|Any CPU
		{FF4ADB46-210E-429E-9176-68613F5CBE90}.Debug Without Decode Strings|x86.ActiveCfg = Debug|Any CPU
		{FF4ADB46-210E-429E-9176-68613F5CBE90}.Debug Without Tries|Any CPU.ActiveCfg = Debug|Any CPU
		{FF4ADB46-210E-429E-9176-68613F5CBE90}.Debug Without Tries|Any CPU.Build.0 = Debug|Any CPU
		{FF4ADB46-210E-429E-9176-68613F5CBE90}.Debug Without Tries|Mixed Platforms.ActiveCfg = Debug|Any CPU
		{FF4ADB46-210E-429E-9176-68613F5CBE90}.Debug Without Tries|Mixed Platforms.Build.0 = Debug|Any CPU
		{FF4ADB46-210E-429E-9176-68613F5CBE90}.Debug Without Tries|x64.ActiveCfg = Debug|Any CPU
		{FF4ADB46-210E-429E-9176-68613F5CBE90}.Debug Without Tries|x86.ActiveCfg = Debug|Any CPU
		{FF4ADB46-210E-429E-9176-68613F5CBE90}.Debug|Any CPU.ActiveCfg = Debug|Any CPU
		{FF4ADB46-210E-429E-9176-68613F5CBE90}.Debug|Any CPU.Build.0 = Debug|Any CPU
		{FF4ADB46-210E-429E-9176-68613F5CBE90}.Debug|Mixed Platforms.ActiveCfg = Debug|Any CPU
		{FF4ADB46-210E-429E-9176-68613F5CBE90}.Debug|Mixed Platforms.Build.0 = Debug|Any CPU
		{FF4ADB46-210E-429E-9176-68613F5CBE90}.Debug|x64.ActiveCfg = Debug|Any CPU
		{FF4ADB46-210E-429E-9176-68613F5CBE90}.Debug|x64.Build.0 = Debug|Any CPU
		{FF4ADB46-210E-429E-9176-68613F5CBE90}.Debug|x86.ActiveCfg = Debug|Any CPU
		{FF4ADB46-210E-429E-9176-68613F5CBE90}.Debug|x86.Build.0 = Debug|Any CPU
		{FF4ADB46-210E-429E-9176-68613F5CBE90}.PerfTest|Any CPU.ActiveCfg = Release|Any CPU
		{FF4ADB46-210E-429E-9176-68613F5CBE90}.PerfTest|Any CPU.Build.0 = Release|Any CPU
		{FF4ADB46-210E-429E-9176-68613F5CBE90}.PerfTest|Mixed Platforms.ActiveCfg = Release|Any CPU
		{FF4ADB46-210E-429E-9176-68613F5CBE90}.PerfTest|Mixed Platforms.Build.0 = Release|Any CPU
		{FF4ADB46-210E-429E-9176-68613F5CBE90}.PerfTest|x64.ActiveCfg = Release|Any CPU
		{FF4ADB46-210E-429E-9176-68613F5CBE90}.PerfTest|x86.ActiveCfg = Release|Any CPU
		{FF4ADB46-210E-429E-9176-68613F5CBE90}.Release No Tries|Any CPU.ActiveCfg = Release|Any CPU
		{FF4ADB46-210E-429E-9176-68613F5CBE90}.Release No Tries|Any CPU.Build.0 = Release|Any CPU
		{FF4ADB46-210E-429E-9176-68613F5CBE90}.Release No Tries|Mixed Platforms.ActiveCfg = Release|Any CPU
		{FF4ADB46-210E-429E-9176-68613F5CBE90}.Release No Tries|Mixed Platforms.Build.0 = Release|Any CPU
		{FF4ADB46-210E-429E-9176-68613F5CBE90}.Release No Tries|x64.ActiveCfg = Release|Any CPU
		{FF4ADB46-210E-429E-9176-68613F5CBE90}.Release No Tries|x86.ActiveCfg = Release|Any CPU
		{FF4ADB46-210E-429E-9176-68613F5CBE90}.Release with Debugger Features|Any CPU.ActiveCfg = Release|Any CPU
		{FF4ADB46-210E-429E-9176-68613F5CBE90}.Release with Debugger Features|Any CPU.Build.0 = Release|Any CPU
		{FF4ADB46-210E-429E-9176-68613F5CBE90}.Release with Debugger Features|Mixed Platforms.ActiveCfg = Release|Any CPU
		{FF4ADB46-210E-429E-9176-68613F5CBE90}.Release with Debugger Features|Mixed Platforms.Build.0 = Release|Any CPU
		{FF4ADB46-210E-429E-9176-68613F5CBE90}.Release with Debugger Features|x64.ActiveCfg = Release|Any CPU
		{FF4ADB46-210E-429E-9176-68613F5CBE90}.Release with Debugger Features|x86.ActiveCfg = Release|Any CPU
		{FF4ADB46-210E-429E-9176-68613F5CBE90}.Release|Any CPU.ActiveCfg = Release|Any CPU
		{FF4ADB46-210E-429E-9176-68613F5CBE90}.Release|Any CPU.Build.0 = Release|Any CPU
		{FF4ADB46-210E-429E-9176-68613F5CBE90}.Release|Mixed Platforms.ActiveCfg = Release|Any CPU
		{FF4ADB46-210E-429E-9176-68613F5CBE90}.Release|Mixed Platforms.Build.0 = Release|Any CPU
		{FF4ADB46-210E-429E-9176-68613F5CBE90}.Release|x64.ActiveCfg = Release|Any CPU
		{FF4ADB46-210E-429E-9176-68613F5CBE90}.Release|x64.Build.0 = Release|Any CPU
		{FF4ADB46-210E-429E-9176-68613F5CBE90}.Release|x86.ActiveCfg = Release|Any CPU
		{26C5F25F-B450-4CAF-AD8B-B8D11AE73457}.32-bit|Any CPU.ActiveCfg = Release|Any CPU
		{26C5F25F-B450-4CAF-AD8B-B8D11AE73457}.32-bit|Any CPU.Build.0 = Release|Any CPU
		{26C5F25F-B450-4CAF-AD8B-B8D11AE73457}.32-bit|Mixed Platforms.ActiveCfg = Release|Any CPU
		{26C5F25F-B450-4CAF-AD8B-B8D11AE73457}.32-bit|Mixed Platforms.Build.0 = Release|Any CPU
		{26C5F25F-B450-4CAF-AD8B-B8D11AE73457}.32-bit|x64.ActiveCfg = Release|Any CPU
		{26C5F25F-B450-4CAF-AD8B-B8D11AE73457}.32-bit|x86.ActiveCfg = Release|Any CPU
		{26C5F25F-B450-4CAF-AD8B-B8D11AE73457}.CardGameFramework|Any CPU.ActiveCfg = Release|Any CPU
		{26C5F25F-B450-4CAF-AD8B-B8D11AE73457}.CardGameFramework|Any CPU.Build.0 = Release|Any CPU
		{26C5F25F-B450-4CAF-AD8B-B8D11AE73457}.CardGameFramework|Mixed Platforms.ActiveCfg = Release|Any CPU
		{26C5F25F-B450-4CAF-AD8B-B8D11AE73457}.CardGameFramework|Mixed Platforms.Build.0 = Release|Any CPU
		{26C5F25F-B450-4CAF-AD8B-B8D11AE73457}.CardGameFramework|x64.ActiveCfg = Release|Any CPU
		{26C5F25F-B450-4CAF-AD8B-B8D11AE73457}.CardGameFramework|x86.ActiveCfg = Release|Any CPU
		{26C5F25F-B450-4CAF-AD8B-B8D11AE73457}.Debug With Decode Strings|Any CPU.ActiveCfg = Debug|Any CPU
		{26C5F25F-B450-4CAF-AD8B-B8D11AE73457}.Debug With Decode Strings|Any CPU.Build.0 = Debug|Any CPU
		{26C5F25F-B450-4CAF-AD8B-B8D11AE73457}.Debug With Decode Strings|Mixed Platforms.ActiveCfg = Debug|Any CPU
		{26C5F25F-B450-4CAF-AD8B-B8D11AE73457}.Debug With Decode Strings|Mixed Platforms.Build.0 = Debug|Any CPU
		{26C5F25F-B450-4CAF-AD8B-B8D11AE73457}.Debug With Decode Strings|x64.ActiveCfg = Debug|Any CPU
		{26C5F25F-B450-4CAF-AD8B-B8D11AE73457}.Debug With Decode Strings|x86.ActiveCfg = Debug|Any CPU
		{26C5F25F-B450-4CAF-AD8B-B8D11AE73457}.Debug Without Decode Strings|Any CPU.ActiveCfg = Debug|Any CPU
		{26C5F25F-B450-4CAF-AD8B-B8D11AE73457}.Debug Without Decode Strings|Any CPU.Build.0 = Debug|Any CPU
		{26C5F25F-B450-4CAF-AD8B-B8D11AE73457}.Debug Without Decode Strings|Mixed Platforms.ActiveCfg = Debug|Any CPU
		{26C5F25F-B450-4CAF-AD8B-B8D11AE73457}.Debug Without Decode Strings|Mixed Platforms.Build.0 = Debug|Any CPU
		{26C5F25F-B450-4CAF-AD8B-B8D11AE73457}.Debug Without Decode Strings|x64.ActiveCfg = Debug|Any CPU
		{26C5F25F-B450-4CAF-AD8B-B8D11AE73457}.Debug Without Decode Strings|x86.ActiveCfg = Debug|Any CPU
		{26C5F25F-B450-4CAF-AD8B-B8D11AE73457}.Debug Without Tries|Any CPU.ActiveCfg = Debug|Any CPU
		{26C5F25F-B450-4CAF-AD8B-B8D11AE73457}.Debug Without Tries|Any CPU.Build.0 = Debug|Any CPU
		{26C5F25F-B450-4CAF-AD8B-B8D11AE73457}.Debug Without Tries|Mixed Platforms.ActiveCfg = Debug|Any CPU
		{26C5F25F-B450-4CAF-AD8B-B8D11AE73457}.Debug Without Tries|Mixed Platforms.Build.0 = Debug|Any CPU
		{26C5F25F-B450-4CAF-AD8B-B8D11AE73457}.Debug Without Tries|x64.ActiveCfg = Debug|Any CPU
		{26C5F25F-B450-4CAF-AD8B-B8D11AE73457}.Debug Without Tries|x86.ActiveCfg = Debug|Any CPU
		{26C5F25F-B450-4CAF-AD8B-B8D11AE73457}.Debug|Any CPU.ActiveCfg = Debug|Any CPU
		{26C5F25F-B450-4CAF-AD8B-B8D11AE73457}.Debug|Any CPU.Build.0 = Debug|Any CPU
		{26C5F25F-B450-4CAF-AD8B-B8D11AE73457}.Debug|Mixed Platforms.ActiveCfg = Debug|Any CPU
		{26C5F25F-B450-4CAF-AD8B-B8D11AE73457}.Debug|Mixed Platforms.Build.0 = Debug|Any CPU
		{26C5F25F-B450-4CAF-AD8B-B8D11AE73457}.Debug|x64.ActiveCfg = Debug|Any CPU
		{26C5F25F-B450-4CAF-AD8B-B8D11AE73457}.Debug|x64.Build.0 = Debug|Any CPU
		{26C5F25F-B450-4CAF-AD8B-B8D11AE73457}.Debug|x86.ActiveCfg = Debug|Any CPU
		{26C5F25F-B450-4CAF-AD8B-B8D11AE73457}.Debug|x86.Build.0 = Debug|Any CPU
		{26C5F25F-B450-4CAF-AD8B-B8D11AE73457}.PerfTest|Any CPU.ActiveCfg = Release|Any CPU
		{26C5F25F-B450-4CAF-AD8B-B8D11AE73457}.PerfTest|Any CPU.Build.0 = Release|Any CPU
		{26C5F25F-B450-4CAF-AD8B-B8D11AE73457}.PerfTest|Mixed Platforms.ActiveCfg = Release|Any CPU
		{26C5F25F-B450-4CAF-AD8B-B8D11AE73457}.PerfTest|Mixed Platforms.Build.0 = Release|Any CPU
		{26C5F25F-B450-4CAF-AD8B-B8D11AE73457}.PerfTest|x64.ActiveCfg = Release|Any CPU
		{26C5F25F-B450-4CAF-AD8B-B8D11AE73457}.PerfTest|x86.ActiveCfg = Release|Any CPU
		{26C5F25F-B450-4CAF-AD8B-B8D11AE73457}.Release No Tries|Any CPU.ActiveCfg = Release|Any CPU
		{26C5F25F-B450-4CAF-AD8B-B8D11AE73457}.Release No Tries|Any CPU.Build.0 = Release|Any CPU
		{26C5F25F-B450-4CAF-AD8B-B8D11AE73457}.Release No Tries|Mixed Platforms.ActiveCfg = Release|Any CPU
		{26C5F25F-B450-4CAF-AD8B-B8D11AE73457}.Release No Tries|Mixed Platforms.Build.0 = Release|Any CPU
		{26C5F25F-B450-4CAF-AD8B-B8D11AE73457}.Release No Tries|x64.ActiveCfg = Release|Any CPU
		{26C5F25F-B450-4CAF-AD8B-B8D11AE73457}.Release No Tries|x86.ActiveCfg = Release|Any CPU
		{26C5F25F-B450-4CAF-AD8B-B8D11AE73457}.Release with Debugger Features|Any CPU.ActiveCfg = Release|Any CPU
		{26C5F25F-B450-4CAF-AD8B-B8D11AE73457}.Release with Debugger Features|Any CPU.Build.0 = Release|Any CPU
		{26C5F25F-B450-4CAF-AD8B-B8D11AE73457}.Release with Debugger Features|Mixed Platforms.ActiveCfg = Release|Any CPU
		{26C5F25F-B450-4CAF-AD8B-B8D11AE73457}.Release with Debugger Features|Mixed Platforms.Build.0 = Release|Any CPU
		{26C5F25F-B450-4CAF-AD8B-B8D11AE73457}.Release with Debugger Features|x64.ActiveCfg = Release|Any CPU
		{26C5F25F-B450-4CAF-AD8B-B8D11AE73457}.Release with Debugger Features|x86.ActiveCfg = Release|Any CPU
		{26C5F25F-B450-4CAF-AD8B-B8D11AE73457}.Release|Any CPU.ActiveCfg = Release|Any CPU
		{26C5F25F-B450-4CAF-AD8B-B8D11AE73457}.Release|Any CPU.Build.0 = Release|Any CPU
		{26C5F25F-B450-4CAF-AD8B-B8D11AE73457}.Release|Mixed Platforms.ActiveCfg = Release|Any CPU
		{26C5F25F-B450-4CAF-AD8B-B8D11AE73457}.Release|Mixed Platforms.Build.0 = Release|Any CPU
		{26C5F25F-B450-4CAF-AD8B-B8D11AE73457}.Release|x64.ActiveCfg = Release|Any CPU
		{26C5F25F-B450-4CAF-AD8B-B8D11AE73457}.Release|x64.Build.0 = Release|Any CPU
		{26C5F25F-B450-4CAF-AD8B-B8D11AE73457}.Release|x86.ActiveCfg = Release|Any CPU
		{7A38490D-F117-4E3E-ADE4-263228D2EB21}.32-bit|Any CPU.ActiveCfg = Debug|Any CPU
		{7A38490D-F117-4E3E-ADE4-263228D2EB21}.32-bit|Any CPU.Build.0 = Debug|Any CPU
		{7A38490D-F117-4E3E-ADE4-263228D2EB21}.32-bit|Mixed Platforms.ActiveCfg = Debug|Any CPU
		{7A38490D-F117-4E3E-ADE4-263228D2EB21}.32-bit|Mixed Platforms.Build.0 = Debug|Any CPU
		{7A38490D-F117-4E3E-ADE4-263228D2EB21}.32-bit|x64.ActiveCfg = Debug|Any CPU
		{7A38490D-F117-4E3E-ADE4-263228D2EB21}.32-bit|x64.Build.0 = Debug|Any CPU
		{7A38490D-F117-4E3E-ADE4-263228D2EB21}.32-bit|x86.ActiveCfg = Debug|Any CPU
		{7A38490D-F117-4E3E-ADE4-263228D2EB21}.32-bit|x86.Build.0 = Debug|Any CPU
		{7A38490D-F117-4E3E-ADE4-263228D2EB21}.CardGameFramework|Any CPU.ActiveCfg = Debug|Any CPU
		{7A38490D-F117-4E3E-ADE4-263228D2EB21}.CardGameFramework|Any CPU.Build.0 = Debug|Any CPU
		{7A38490D-F117-4E3E-ADE4-263228D2EB21}.CardGameFramework|Mixed Platforms.ActiveCfg = Debug|Any CPU
		{7A38490D-F117-4E3E-ADE4-263228D2EB21}.CardGameFramework|Mixed Platforms.Build.0 = Debug|Any CPU
		{7A38490D-F117-4E3E-ADE4-263228D2EB21}.CardGameFramework|x64.ActiveCfg = Debug|Any CPU
		{7A38490D-F117-4E3E-ADE4-263228D2EB21}.CardGameFramework|x64.Build.0 = Debug|Any CPU
		{7A38490D-F117-4E3E-ADE4-263228D2EB21}.CardGameFramework|x86.ActiveCfg = Debug|Any CPU
		{7A38490D-F117-4E3E-ADE4-263228D2EB21}.CardGameFramework|x86.Build.0 = Debug|Any CPU
		{7A38490D-F117-4E3E-ADE4-263228D2EB21}.Debug With Decode Strings|Any CPU.ActiveCfg = Debug|Any CPU
		{7A38490D-F117-4E3E-ADE4-263228D2EB21}.Debug With Decode Strings|Any CPU.Build.0 = Debug|Any CPU
		{7A38490D-F117-4E3E-ADE4-263228D2EB21}.Debug With Decode Strings|Mixed Platforms.ActiveCfg = Debug|Any CPU
		{7A38490D-F117-4E3E-ADE4-263228D2EB21}.Debug With Decode Strings|Mixed Platforms.Build.0 = Debug|Any CPU
		{7A38490D-F117-4E3E-ADE4-263228D2EB21}.Debug With Decode Strings|x64.ActiveCfg = Debug|Any CPU
		{7A38490D-F117-4E3E-ADE4-263228D2EB21}.Debug With Decode Strings|x64.Build.0 = Debug|Any CPU
		{7A38490D-F117-4E3E-ADE4-263228D2EB21}.Debug With Decode Strings|x86.ActiveCfg = Debug|Any CPU
		{7A38490D-F117-4E3E-ADE4-263228D2EB21}.Debug With Decode Strings|x86.Build.0 = Debug|Any CPU
		{7A38490D-F117-4E3E-ADE4-263228D2EB21}.Debug Without Decode Strings|Any CPU.ActiveCfg = Debug|Any CPU
		{7A38490D-F117-4E3E-ADE4-263228D2EB21}.Debug Without Decode Strings|Any CPU.Build.0 = Debug|Any CPU
		{7A38490D-F117-4E3E-ADE4-263228D2EB21}.Debug Without Decode Strings|Mixed Platforms.ActiveCfg = Debug|Any CPU
		{7A38490D-F117-4E3E-ADE4-263228D2EB21}.Debug Without Decode Strings|Mixed Platforms.Build.0 = Debug|Any CPU
		{7A38490D-F117-4E3E-ADE4-263228D2EB21}.Debug Without Decode Strings|x64.ActiveCfg = Debug|Any CPU
		{7A38490D-F117-4E3E-ADE4-263228D2EB21}.Debug Without Decode Strings|x64.Build.0 = Debug|Any CPU
		{7A38490D-F117-4E3E-ADE4-263228D2EB21}.Debug Without Decode Strings|x86.ActiveCfg = Debug|Any CPU
		{7A38490D-F117-4E3E-ADE4-263228D2EB21}.Debug Without Decode Strings|x86.Build.0 = Debug|Any CPU
		{7A38490D-F117-4E3E-ADE4-263228D2EB21}.Debug Without Tries|Any CPU.ActiveCfg = Debug|Any CPU
		{7A38490D-F117-4E3E-ADE4-263228D2EB21}.Debug Without Tries|Any CPU.Build.0 = Debug|Any CPU
		{7A38490D-F117-4E3E-ADE4-263228D2EB21}.Debug Without Tries|Mixed Platforms.ActiveCfg = Debug|Any CPU
		{7A38490D-F117-4E3E-ADE4-263228D2EB21}.Debug Without Tries|Mixed Platforms.Build.0 = Debug|Any CPU
		{7A38490D-F117-4E3E-ADE4-263228D2EB21}.Debug Without Tries|x64.ActiveCfg = Debug|Any CPU
		{7A38490D-F117-4E3E-ADE4-263228D2EB21}.Debug Without Tries|x64.Build.0 = Debug|Any CPU
		{7A38490D-F117-4E3E-ADE4-263228D2EB21}.Debug Without Tries|x86.ActiveCfg = Debug|Any CPU
		{7A38490D-F117-4E3E-ADE4-263228D2EB21}.Debug Without Tries|x86.Build.0 = Debug|Any CPU
		{7A38490D-F117-4E3E-ADE4-263228D2EB21}.Debug|Any CPU.ActiveCfg = Debug|Any CPU
		{7A38490D-F117-4E3E-ADE4-263228D2EB21}.Debug|Any CPU.Build.0 = Debug|Any CPU
		{7A38490D-F117-4E3E-ADE4-263228D2EB21}.Debug|Mixed Platforms.ActiveCfg = Debug|Any CPU
		{7A38490D-F117-4E3E-ADE4-263228D2EB21}.Debug|Mixed Platforms.Build.0 = Debug|Any CPU
		{7A38490D-F117-4E3E-ADE4-263228D2EB21}.Debug|x64.ActiveCfg = Debug|Any CPU
		{7A38490D-F117-4E3E-ADE4-263228D2EB21}.Debug|x64.Build.0 = Debug|Any CPU
		{7A38490D-F117-4E3E-ADE4-263228D2EB21}.Debug|x86.ActiveCfg = Debug|Any CPU
		{7A38490D-F117-4E3E-ADE4-263228D2EB21}.Debug|x86.Build.0 = Debug|Any CPU
		{7A38490D-F117-4E3E-ADE4-263228D2EB21}.PerfTest|Any CPU.ActiveCfg = Debug|Any CPU
		{7A38490D-F117-4E3E-ADE4-263228D2EB21}.PerfTest|Any CPU.Build.0 = Debug|Any CPU
		{7A38490D-F117-4E3E-ADE4-263228D2EB21}.PerfTest|Mixed Platforms.ActiveCfg = Debug|Any CPU
		{7A38490D-F117-4E3E-ADE4-263228D2EB21}.PerfTest|Mixed Platforms.Build.0 = Debug|Any CPU
		{7A38490D-F117-4E3E-ADE4-263228D2EB21}.PerfTest|x64.ActiveCfg = Debug|Any CPU
		{7A38490D-F117-4E3E-ADE4-263228D2EB21}.PerfTest|x64.Build.0 = Debug|Any CPU
		{7A38490D-F117-4E3E-ADE4-263228D2EB21}.PerfTest|x86.ActiveCfg = Debug|Any CPU
		{7A38490D-F117-4E3E-ADE4-263228D2EB21}.PerfTest|x86.Build.0 = Debug|Any CPU
		{7A38490D-F117-4E3E-ADE4-263228D2EB21}.Release No Tries|Any CPU.ActiveCfg = Release|Any CPU
		{7A38490D-F117-4E3E-ADE4-263228D2EB21}.Release No Tries|Any CPU.Build.0 = Release|Any CPU
		{7A38490D-F117-4E3E-ADE4-263228D2EB21}.Release No Tries|Mixed Platforms.ActiveCfg = Release|Any CPU
		{7A38490D-F117-4E3E-ADE4-263228D2EB21}.Release No Tries|Mixed Platforms.Build.0 = Release|Any CPU
		{7A38490D-F117-4E3E-ADE4-263228D2EB21}.Release No Tries|x64.ActiveCfg = Release|Any CPU
		{7A38490D-F117-4E3E-ADE4-263228D2EB21}.Release No Tries|x64.Build.0 = Release|Any CPU
		{7A38490D-F117-4E3E-ADE4-263228D2EB21}.Release No Tries|x86.ActiveCfg = Release|Any CPU
		{7A38490D-F117-4E3E-ADE4-263228D2EB21}.Release No Tries|x86.Build.0 = Release|Any CPU
		{7A38490D-F117-4E3E-ADE4-263228D2EB21}.Release with Debugger Features|Any CPU.ActiveCfg = Release|Any CPU
		{7A38490D-F117-4E3E-ADE4-263228D2EB21}.Release with Debugger Features|Any CPU.Build.0 = Release|Any CPU
		{7A38490D-F117-4E3E-ADE4-263228D2EB21}.Release with Debugger Features|Mixed Platforms.ActiveCfg = Release|Any CPU
		{7A38490D-F117-4E3E-ADE4-263228D2EB21}.Release with Debugger Features|Mixed Platforms.Build.0 = Release|Any CPU
		{7A38490D-F117-4E3E-ADE4-263228D2EB21}.Release with Debugger Features|x64.ActiveCfg = Release|Any CPU
		{7A38490D-F117-4E3E-ADE4-263228D2EB21}.Release with Debugger Features|x64.Build.0 = Release|Any CPU
		{7A38490D-F117-4E3E-ADE4-263228D2EB21}.Release with Debugger Features|x86.ActiveCfg = Release|Any CPU
		{7A38490D-F117-4E3E-ADE4-263228D2EB21}.Release with Debugger Features|x86.Build.0 = Release|Any CPU
		{7A38490D-F117-4E3E-ADE4-263228D2EB21}.Release|Any CPU.ActiveCfg = Release|Any CPU
		{7A38490D-F117-4E3E-ADE4-263228D2EB21}.Release|Any CPU.Build.0 = Release|Any CPU
		{7A38490D-F117-4E3E-ADE4-263228D2EB21}.Release|Mixed Platforms.ActiveCfg = Release|Any CPU
		{7A38490D-F117-4E3E-ADE4-263228D2EB21}.Release|Mixed Platforms.Build.0 = Release|Any CPU
		{7A38490D-F117-4E3E-ADE4-263228D2EB21}.Release|x64.ActiveCfg = Release|Any CPU
		{7A38490D-F117-4E3E-ADE4-263228D2EB21}.Release|x64.Build.0 = Release|Any CPU
		{7A38490D-F117-4E3E-ADE4-263228D2EB21}.Release|x86.ActiveCfg = Release|Any CPU
		{7A38490D-F117-4E3E-ADE4-263228D2EB21}.Release|x86.Build.0 = Release|Any CPU
	EndGlobalSection
	GlobalSection(SolutionProperties) = preSolution
		HideSolutionNode = FALSE
	EndGlobalSection
	GlobalSection(ExtensibilityGlobals) = postSolution
		SolutionGuid = {76BC0243-F1C0-4A30-8861-496928BE6244}
	EndGlobalSection
	GlobalSection(MonoDevelopProperties) = preSolution
		StartupItem = Virtual8086_Console\Virtual8086_Console.csproj
	EndGlobalSection
EndGlobal
